
Microsoft Visual Studio Solution File, Format Version 12.00
# Visual Studio Version 17
VisualStudioVersion = 17.7.34202.233
MinimumVisualStudioVersion = 10.0.40219.1
Project("{9A19103F-16F7-4668-BE54-9A1E7A4F7556}") = "Blog", "Blog.csproj", "{9F9A38AA-3380-413B-814E-643090058AA6}"
EndProject
Project("{9A19103F-16F7-4668-BE54-9A1E7A4F7556}") = "BlogUnitTest", "..\BlogUnitTest\BlogUnitTest.csproj", "{35494354-764E-4525-8D79-53B49906D90F}"
EndProject
Global
	GlobalSection(SolutionConfigurationPlatforms) = preSolution
		Debug|Any CPU = Debug|Any CPU
		Release|Any CPU = Release|Any CPU
	EndGlobalSection
	GlobalSection(ProjectConfigurationPlatforms) = postSolution
		{9F9A38AA-3380-413B-814E-643090058AA6}.Debug|Any CPU.ActiveCfg = Debug|Any CPU
		{9F9A38AA-3380-413B-814E-643090058AA6}.Debug|Any CPU.Build.0 = Debug|Any CPU
		{9F9A38AA-3380-413B-814E-643090058AA6}.Release|Any CPU.ActiveCfg = Release|Any CPU
		{9F9A38AA-3380-413B-814E-643090058AA6}.Release|Any CPU.Build.0 = Release|Any CPU
		{35494354-764E-4525-8D79-53B49906D90F}.Debug|Any CPU.ActiveCfg = Debug|Any CPU
		{35494354-764E-4525-8D79-53B49906D90F}.Debug|Any CPU.Build.0 = Debug|Any CPU
		{35494354-764E-4525-8D79-53B49906D90F}.Release|Any CPU.ActiveCfg = Release|Any CPU
	EndGlobalSection
	GlobalSection(SolutionProperties) = preSolution
		HideSolutionNode = FALSE
	EndGlobalSection
	GlobalSection(ExtensibilityGlobals) = postSolution
		SolutionGuid = {6C5330B5-1D3D-4408-ADF3-42C7363532EF}
	EndGlobalSection
EndGlobal
